
Microsoft Visual Studio Solution File, Format Version 12.00
# Visual Studio Version 17
VisualStudioVersion = 17.3.32901.215
MinimumVisualStudioVersion = 10.0.40219.1
Project("{FAE04EC0-301F-11D3-BF4B-00C04F79EFBC}") = "CompanyWebApplications", "CompanyWebApplications\CompanyWebApplications.csproj", "{A1758E55-5120-4AD3-9A46-37F7F807CCA7}"
EndProject
Project("{FAE04EC0-301F-11D3-BF4B-00C04F79EFBC}") = "DatabaseInteractions", "DatabaseInteractions\DatabaseInteractions.csproj", "{DA66B333-E344-43ED-9F26-B13D67A23498}"
EndProject
Global
	GlobalSection(SolutionConfigurationPlatforms) = preSolution
		Debug|Any CPU = Debug|Any CPU
		Release|Any CPU = Release|Any CPU
	EndGlobalSection
	GlobalSection(ProjectConfigurationPlatforms) = postSolution
		{A1758E55-5120-4AD3-9A46-37F7F807CCA7}.Debug|Any CPU.ActiveCfg = Debug|Any CPU
		{A1758E55-5120-4AD3-9A46-37F7F807CCA7}.Debug|Any CPU.Build.0 = Debug|Any CPU
		{A1758E55-5120-4AD3-9A46-37F7F807CCA7}.Release|Any CPU.ActiveCfg = Release|Any CPU
		{A1758E55-5120-4AD3-9A46-37F7F807CCA7}.Release|Any CPU.Build.0 = Release|Any CPU
		{DA66B333-E344-43ED-9F26-B13D67A23498}.Debug|Any CPU.ActiveCfg = Debug|Any CPU
		{DA66B333-E344-43ED-9F26-B13D67A23498}.Debug|Any CPU.Build.0 = Debug|Any CPU
		{DA66B333-E344-43ED-9F26-B13D67A23498}.Release|Any CPU.ActiveCfg = Release|Any CPU
		{DA66B333-E344-43ED-9F26-B13D67A23498}.Release|Any CPU.Build.0 = Release|Any CPU
	EndGlobalSection
	GlobalSection(SolutionProperties) = preSolution
		HideSolutionNode = FALSE
	EndGlobalSection
	GlobalSection(ExtensibilityGlobals) = postSolution
		SolutionGuid = {C7526BC2-E1C5-4584-880D-5806F1E5EA35}
	EndGlobalSection
EndGlobal
